
Microsoft Visual Studio Solution File, Format Version 12.00
# Visual Studio Version 17
VisualStudioVersion = 17.8.34525.116
MinimumVisualStudioVersion = 10.0.40219.1
Project("{FAE04EC0-301F-11D3-BF4B-00C04F79EFBC}") = "HelloWorld", "HelloWorld\HelloWorld.csproj", "{8FEFD400-8E85-4D54-9B0B-2C1DD9BF5D94}"
EndProject
Global
	GlobalSection(SolutionConfigurationPlatforms) = preSolution
		Debug|Any CPU = Debug|Any CPU
		Release|Any CPU = Release|Any CPU
	EndGlobalSection
	GlobalSection(ProjectConfigurationPlatforms) = postSolution
		{8FEFD400-8E85-4D54-9B0B-2C1DD9BF5D94}.Debug|Any CPU.ActiveCfg = Debug|Any CPU
		{8FEFD400-8E85-4D54-9B0B-2C1DD9BF5D94}.Debug|Any CPU.Build.0 = Debug|Any CPU
		{8FEFD400-8E85-4D54-9B0B-2C1DD9BF5D94}.Release|Any CPU.ActiveCfg = Release|Any CPU
		{8FEFD400-8E85-4D54-9B0B-2C1DD9BF5D94}.Release|Any CPU.Build.0 = Release|Any CPU
	EndGlobalSection
	GlobalSection(SolutionProperties) = preSolution
		HideSolutionNode = FALSE
	EndGlobalSection
	GlobalSection(ExtensibilityGlobals) = postSolution
		SolutionGuid = {0453E3BE-BC4F-45B2-B281-2E572E3394B8}
	EndGlobalSection
EndGlobal
